
Microsoft Visual Studio Solution File, Format Version 12.00
# Visual Studio Version 17
VisualStudioVersion = 17.3.32929.385
MinimumVisualStudioVersion = 10.0.40219.1
Project("{FAE04EC0-301F-11D3-BF4B-00C04F79EFBC}") = "WebApplication1", "WebApplication1\WebApplication1.csproj", "{DEFD01CC-8318-4229-AF87-C76E85BD71F4}"
EndProject
Global
	GlobalSection(SolutionConfigurationPlatforms) = preSolution
		Debug|Any CPU = Debug|Any CPU
		Release|Any CPU = Release|Any CPU
	EndGlobalSection
	GlobalSection(ProjectConfigurationPlatforms) = postSolution
		{DEFD01CC-8318-4229-AF87-C76E85BD71F4}.Debug|Any CPU.ActiveCfg = Debug|Any CPU
		{DEFD01CC-8318-4229-AF87-C76E85BD71F4}.Debug|Any CPU.Build.0 = Debug|Any CPU
		{DEFD01CC-8318-4229-AF87-C76E85BD71F4}.Release|Any CPU.ActiveCfg = Release|Any CPU
		{DEFD01CC-8318-4229-AF87-C76E85BD71F4}.Release|Any CPU.Build.0 = Release|Any CPU
	EndGlobalSection
	GlobalSection(SolutionProperties) = preSolution
		HideSolutionNode = FALSE
	EndGlobalSection
	GlobalSection(ExtensibilityGlobals) = postSolution
		SolutionGuid = {167C5A19-DB9B-4A1A-87BB-0C52CDDFBB7A}
	EndGlobalSection
EndGlobal
